
Microsoft Visual Studio Solution File, Format Version 12.00
# Visual Studio Version 16
VisualStudioVersion = 16.0.810.14
MinimumVisualStudioVersion = 10.0.40219.1
Project("{FAE04EC0-301F-11D3-BF4B-00C04F79EFBC}") = "TestProj", "TestProj\TestProj.csproj", "{1063FB6B-016F-41FE-9D1A-E9830ED625C7}"
EndProject
Global
	GlobalSection(SolutionConfigurationPlatforms) = preSolution
		Debug|Any CPU = Debug|Any CPU
		Release|Any CPU = Release|Any CPU
	EndGlobalSection
	GlobalSection(ProjectConfigurationPlatforms) = postSolution
		{1063FB6B-016F-41FE-9D1A-E9830ED625C7}.Debug|Any CPU.ActiveCfg = Debug|Any CPU
		{1063FB6B-016F-41FE-9D1A-E9830ED625C7}.Debug|Any CPU.Build.0 = Debug|Any CPU
		{1063FB6B-016F-41FE-9D1A-E9830ED625C7}.Release|Any CPU.ActiveCfg = Release|Any CPU
		{1063FB6B-016F-41FE-9D1A-E9830ED625C7}.Release|Any CPU.Build.0 = Release|Any CPU
	EndGlobalSection
	GlobalSection(SolutionProperties) = preSolution
		HideSolutionNode = FALSE
	EndGlobalSection
	GlobalSection(ExtensibilityGlobals) = postSolution
		SolutionGuid = {1CC9EBBD-2394-477D-AD16-3B85D7BED176}
	EndGlobalSection
EndGlobal
